lockfileVersion: '9.0'

settings:
  autoInstallPeers: true
  excludeLinksFromLockfile: false

importers:

  .:
    dependencies:
      '@oslojs/crypto':
        specifier: ^1.0.1
        version: 1.0.1

packages:

  '@oslojs/asn1@1.0.0':
    resolution: {integrity: sha512-zw/wn0sj0j0QKbIXfIlnEcTviaCzYOY3V5rAyjR6YtOByFtJiT574+8p9Wlach0lZH9fddD4yb9laEAIl4vXQA==}

  '@oslojs/binary@1.0.0':
    resolution: {integrity: sha512-9RCU6OwXU6p67H4NODbuxv2S3eenuQ4/WFLrsq+K/k682xrznH5EVWA7N4VFk9VYVcbFtKqur5YQQZc0ySGhsQ==}

  '@oslojs/crypto@1.0.1':
    resolution: {integrity: sha512-7n08G8nWjAr/Yu3vu9zzrd0L9XnrJfpMioQcvCMxBIiF5orECHe5/3J0jmXRVvgfqMm/+4oxlQ+Sq39COYLcNQ==}

snapshots:

  '@oslojs/asn1@1.0.0':
    dependencies:
      '@oslojs/binary': 1.0.0

  '@oslojs/binary@1.0.0': {}

  '@oslojs/crypto@1.0.1':
    dependencies:
      '@oslojs/asn1': 1.0.0
      '@oslojs/binary': 1.0.0
